// !$*UTF8*$!
{
	archiveVersion = 1;
	classes = {
	};
	objectVersion = 56;
	objects = {

/* Begin PBXBuildFile section */
		02FF60384B0DB7E8767074B6 /* Pods_UVBurnIndicator.framework in Frameworks */ = {isa = PBXBuildFile; fileRef = FA4857A6A2B5B551CA24FB23 /* Pods_UVBurnIndicator.framework */; };
		0BBE42092B6810C700034736 /* AppDelegate.swift in Sources */ = {isa = PBXBuildFile; fileRef = 0BBE42082B6810C700034736 /* AppDelegate.swift */; };
		0BBE420B2B6810C700034736 /* SceneDelegate.swift in Sources */ = {isa = PBXBuildFile; fileRef = 0BBE420A2B6810C700034736 /* SceneDelegate.swift */; };
		0BBE420D2B6810C700034736 /* ViewController.swift in Sources */ = {isa = PBXBuildFile; fileRef = 0BBE420C2B6810C700034736 /* ViewController.swift */; };
		0BBE42102B6810C700034736 /* Main.storyboard in Resources */ = {isa = PBXBuildFile; fileRef = 0BBE420E2B6810C700034736 /* Main.storyboard */; };
		0BBE42132B6810C700034736 /* UVBurnIndicator.xcdatamodeld in Sources */ = {isa = PBXBuildFile; fileRef = 0BBE42112B6810C700034736 /* UVBurnIndicator.xcdatamodeld */; };
		0BBE42152B6810CA00034736 /* Assets.xcassets in Resources */ = {isa = PBXBuildFile; fileRef = 0BBE42142B6810CA00034736 /* Assets.xcassets */; };
		0BBE42182B6810CA00034736 /* LaunchScreen.storyboard in Resources */ = {isa = PBXBuildFile; fileRef = 0BBE42162B6810CA00034736 /* LaunchScreen.storyboard */; };
		0BBE42202B681D5B00034736 /* cooper-hewitt in Resources */ = {isa = PBXBuildFile; fileRef = 0BBE421F2B681D5B00034736 /* cooper-hewitt */; };
		0BBE42222B68674300034736 /* Utilities.swift in Sources */ = {isa = PBXBuildFile; fileRef = 0BBE42212B68674300034736 /* Utilities.swift */; };
		0BBE42242B687AC900034736 /* Constants.swift in Sources */ = {isa = PBXBuildFile; fileRef = 0BBE42232B687AC900034736 /* Constants.swift */; };
/* End PBXBuildFile section */

/* Begin PBXFileReference section */
		0BBE42052B6810C700034736 /* UVBurnIndicator.app */ = {isa = PBXFileReference; explicitFileType = wrapper.application; includeInIndex = 0; path = UVBurnIndicator.app; sourceTree = BUILT_PRODUCTS_DIR; };
		0BBE42082B6810C700034736 /* AppDelegate.swift */ = {isa = PBXFileReference; lastKnownFileType = sourcecode.swift; path = AppDelegate.swift; sourceTree = "<group>"; };
		0BBE420A2B6810C700034736 /* SceneDelegate.swift */ = {isa = PBXFileReference; lastKnownFileType = sourcecode.swift; path = SceneDelegate.swift; sourceTree = "<group>"; };
		0BBE420C2B6810C700034736 /* ViewController.swift */ = {isa = PBXFileReference; lastKnownFileType = sourcecode.swift; path = ViewController.swift; sourceTree = "<group>"; };
		0BBE420F2B6810C700034736 /* Base */ = {isa = PBXFileReference; lastKnownFileType = file.storyboard; name = Base; path = Base.lproj/Main.storyboard; sourceTree = "<group>"; };
		0BBE42122B6810C700034736 /* UVBurnIndicator.xcdatamodel */ = {isa = PBXFileReference; lastKnownFileType = wrapper.xcdatamodel; path = UVBurnIndicator.xcdatamodel; sourceTree = "<group>"; };
		0BBE42142B6810CA00034736 /* Assets.xcassets */ = {isa = PBXFileReference; lastKnownFileType = folder.assetcatalog; path = Assets.xcassets; sourceTree = "<group>"; };
		0BBE42172B6810CA00034736 /* Base */ = {isa = PBXFileReference; lastKnownFileType = file.storyboard; name = Base; path = Base.lproj/LaunchScreen.storyboard; sourceTree = "<group>"; };
		0BBE42192B6810CA00034736 /* Info.plist */ = {isa = PBXFileReference; lastKnownFileType = text.plist.xml; path = Info.plist; sourceTree = "<group>"; };
		0BBE421F2B681D5B00034736 /* cooper-hewitt */ = {isa = PBXFileReference; lastKnownFileType = folder; name = "cooper-hewitt"; path = "../../../../Downloads/cooper-hewitt"; sourceTree = "<group>"; };
		0BBE42212B68674300034736 /* Utilities.swift */ = {isa = PBXFileReference; lastKnownFileType = sourcecode.swift; path = Utilities.swift; sourceTree = "<group>"; };
		0BBE42232B687AC900034736 /* Constants.swift */ = {isa = PBXFileReference; lastKnownFileType = sourcecode.swift; path = Constants.swift; sourceTree = "<group>"; };
		B3B1A1F15B89763CD23A9EF2 /* Pods-UVBurnIndicator.release.xcconfig */ = {isa = PBXFileReference; includeInIndex = 1; lastKnownFileType = text.xcconfig; name = "Pods-UVBurnIndicator.release.xcconfig"; path = "Target Support Files/Pods-UVBurnIndicator/Pods-UVBurnIndicator.release.xcconfig"; sourceTree = "<group>"; };
		D1B01C19146D6F3BE16788B6 /* Pods-UVBurnIndicator.debug.xcconfig */ = {isa = PBXFileReference; includeInIndex = 1; lastKnownFileType = text.xcconfig; name = "Pods-UVBurnIndicator.debug.xcconfig"; path = "Target Support Files/Pods-UVBurnIndicator/Pods-UVBurnIndicator.debug.xcconfig"; sourceTree = "<group>"; };
		FA4857A6A2B5B551CA24FB23 /* Pods_UVBurnIndicator.framework */ = {isa = PBXFileReference; explicitFileType = wrapper.framework; includeInIndex = 0; path = Pods_UVBurnIndicator.framework; sourceTree = BUILT_PRODUCTS_DIR; };
/* End PBXFileReference section */

/* Begin PBXFrameworksBuildPhase section */
		0BBE42022B6810C700034736 /* Frameworks */ = {
			isa = PBXFrameworksBuildPhase;
			buildActionMask = 2147483647;
			files = (
				02FF60384B0DB7E8767074B6 /* Pods_UVBurnIndicator.framework in Frameworks */,
			);
			runOnlyForDeploymentPostprocessing = 0;
		};
/* End PBXFrameworksBuildPhase section */

/* Begin PBXGroup section */
		0BBE41FC2B6810C700034736 = {
			isa = PBXGroup;
			children = (
				0BBE42072B6810C700034736 /* UVBurnIndicator */,
				0BBE42062B6810C700034736 /* Products */,
				58AA238BEF005070C2F97EF6 /* Pods */,
				D0AC8B98B45A4286A09AA743 /* Frameworks */,
			);
			sourceTree = "<group>";
		};
		0BBE42062B6810C700034736 /* Products */ = {
			isa = PBXGroup;
			children = (
				0BBE42052B6810C700034736 /* UVBurnIndicator.app */,
			);
			name = Products;
			sourceTree = "<group>";
		};
		0BBE42072B6810C700034736 /* UVBurnIndicator */ = {
			isa = PBXGroup;
			children = (
				0BBE421F2B681D5B00034736 /* cooper-hewitt */,
				0BBE42082B6810C700034736 /* AppDelegate.swift */,
				0BBE420A2B6810C700034736 /* SceneDelegate.swift */,
				0BBE420C2B6810C700034736 /* ViewController.swift */,
				0BBE420E2B6810C700034736 /* Main.storyboard */,
				0BBE42142B6810CA00034736 /* Assets.xcassets */,
				0BBE42162B6810CA00034736 /* LaunchScreen.storyboard */,
				0BBE42192B6810CA00034736 /* Info.plist */,
				0BBE42112B6810C700034736 /* UVBurnIndicator.xcdatamodeld */,
				0BBE42212B68674300034736 /* Utilities.swift */,
				0BBE42232B687AC900034736 /* Constants.swift */,
			);
			path = UVBurnIndicator;
			sourceTree = "<group>";
		};
		58AA238BEF005070C2F97EF6 /* Pods */ = {
			isa = PBXGroup;
			children = (
				D1B01C19146D6F3BE16788B6 /* Pods-UVBurnIndicator.debug.xcconfig */,
				B3B1A1F15B89763CD23A9EF2 /* Pods-UVBurnIndicator.release.xcconfig */,
			);
			path = Pods;
			sourceTree = "<group>";
		};
		D0AC8B98B45A4286A09AA743 /* Frameworks */ = {
			isa = PBXGroup;
			children = (
				FA4857A6A2B5B551CA24FB23 /* Pods_UVBurnIndicator.framework */,
			);
			name = Frameworks;
			sourceTree = "<group>";
		};
/* End PBXGroup section */

/* Begin PBXNativeTarget section */
		0BBE42042B6810C700034736 /* UVBurnIndicator */ = {
			isa = PBXNativeTarget;
			buildConfigurationList = 0BBE421C2B6810CA00034736 /* Build configuration list for PBXNativeTarget "UVBurnIndicator" */;
			buildPhases = (
				9E930A78D1E69A805F344CBE /* [CP] Check Pods Manifest.lock */,
				0BBE42012B6810C700034736 /* Sources */,
				0BBE42022B6810C700034736 /* Frameworks */,
				0BBE42032B6810C700034736 /* Resources */,
				B8914BAB88B65361FEE09A32 /* [CP] Embed Pods Frameworks */,
			);
			buildRules = (
			);
			dependencies = (
			);
			name = UVBurnIndicator;
			productName = UVBurnIndicator;
			productReference = 0BBE42052B6810C700034736 /* UVBurnIndicator.app */;
			productType = "com.apple.product-type.application";
		};
/* End PBXNativeTarget section */

/* Begin PBXProject section */
		0BBE41FD2B6810C700034736 /* Project object */ = {
			isa = PBXProject;
			attributes = {
				BuildIndependentTargetsInParallel = 1;
				LastSwiftUpdateCheck = 1520;
				LastUpgradeCheck = 1520;
				TargetAttributes = {
					0BBE42042B6810C700034736 = {
						CreatedOnToolsVersion = 15.2;
					};
				};
			};
			buildConfigurationList = 0BBE42002B6810C700034736 /* Build configuration list for PBXProject "UVBurnIndicator" */;
			compatibilityVersion = "Xcode 14.0";
			developmentRegion = en;
			hasScannedForEncodings = 0;
			knownRegions = (
				en,
				Base,
			);
			mainGroup = 0BBE41FC2B6810C700034736;
			productRefGroup = 0BBE42062B6810C700034736 /* Products */;
			projectDirPath = "";
			projectRoot = "";
			targets = (
				0BBE42042B6810C700034736 /* UVBurnIndicator */,
			);
		};
/* End PBXProject section */

/* Begin PBXResourcesBuildPhase section */
		0BBE42032B6810C700034736 /* Resources */ = {
			isa = PBXResourcesBuildPhase;
			buildActionMask = 2147483647;
			files = (
				0BBE42182B6810CA00034736 /* LaunchScreen.storyboard in Resources */,
				0BBE42152B6810CA00034736 /* Assets.xcassets in Resources */,
				0BBE42102B6810C700034736 /* Main.storyboard in Resources */,
				0BBE42202B681D5B00034736 /* cooper-hewitt in Resources */,
			);
			runOnlyForDeploymentPostprocessing = 0;
		};
/* End PBXResourcesBuildPhase section */

/* Begin PBXShellScriptBuildPhase section */
		9E930A78D1E69A805F344CBE /* [CP] Check Pods Manifest.lock */ = {
			isa = PBXShellScriptBuildPhase;
			buildActionMask = 2147483647;
			files = (
			);
			inputFileListPaths = (
			);
			inputPaths = (
				"${PODS_PODFILE_DIR_PATH}/Podfile.lock",
				"${PODS_ROOT}/Manifest.lock",
			);
			name = "[CP] Check Pods Manifest.lock";
			outputFileListPaths = (
			);
			outputPaths = (
				"$(DERIVED_FILE_DIR)/Pods-UVBurnIndicator-checkManifestLockResult.txt",
			);
			runOnlyForDeploymentPostprocessing = 0;
			shellPath = /bin/sh;
			shellScript = "diff \"${PODS_PODFILE_DIR_PATH}/Podfile.lock\" \"${PODS_ROOT}/Manifest.lock\" > /dev/null\nif [ $? != 0 ] ; then\n    # print error to STDERR\n    echo \"error: The sandbox is not in sync with the Podfile.lock. Run 'pod install' or update your CocoaPods installation.\" >&2\n    exit 1\nfi\n# This output is used by Xcode 'outputs' to avoid re-running this script phase.\necho \"SUCCESS\" > \"${SCRIPT_OUTPUT_FILE_0}\"\n";
			showEnvVarsInLog = 0;
		};
		B8914BAB88B65361FEE09A32 /* [CP] Embed Pods Frameworks */ = {
			isa = PBXShellScriptBuildPhase;
			buildActionMask = 2147483647;
			files = (
			);
			inputFileListPaths = (
				"${PODS_ROOT}/Target Support Files/Pods-UVBurnIndicator/Pods-UVBurnIndicator-frameworks-${CONFIGURATION}-input-files.xcfilelist",
			);
			name = "[CP] Embed Pods Frameworks";
			outputFileListPaths = (
				"${PODS_ROOT}/Target Support Files/Pods-UVBurnIndicator/Pods-UVBurnIndicator-frameworks-${CONFIGURATION}-output-files.xcfilelist",
			);
			runOnlyForDeploymentPostprocessing = 0;
			shellPath = /bin/sh;
			shellScript = "\"${PODS_ROOT}/Target Support Files/Pods-UVBurnIndicator/Pods-UVBurnIndicator-frameworks.sh\"\n";
			showEnvVarsInLog = 0;
		};
/* End PBXShellScriptBuildPhase section */

/* Begin PBXSourcesBuildPhase section */
		0BBE42012B6810C700034736 /* Sources */ = {
			isa = PBXSourcesBuildPhase;
			buildActionMask = 2147483647;
			files = (
				0BBE420D2B6810C700034736 /* ViewController.swift in Sources */,
				0BBE42092B6810C700034736 /* AppDelegate.swift in Sources */,
				0BBE420B2B6810C700034736 /* SceneDelegate.swift in Sources */,
				0BBE42222B68674300034736 /* Utilities.swift in Sources */,
				0BBE42132B6810C700034736 /* UVBurnIndicator.xcdatamodeld in Sources */,
				0BBE42242B687AC900034736 /* Constants.swift in Sources */,
			);
			runOnlyForDeploymentPostprocessing = 0;
		};
/* End PBXSourcesBuildPhase section */

/* Begin PBXVariantGroup section */
		0BBE420E2B6810C700034736 /* Main.storyboard */ = {
			isa = PBXVariantGroup;
			children = (
				0BBE420F2B6810C700034736 /* Base */,
			);
			name = Main.storyboard;
			sourceTree = "<group>";
		};
		0BBE42162B6810CA00034736 /* LaunchScreen.storyboard */ = {
			isa = PBXVariantGroup;
			children = (
				0BBE42172B6810CA00034736 /* Base */,
			);
			name = LaunchScreen.storyboard;
			sourceTree = "<group>";
		};
/* End PBXVariantGroup section */

/* Begin XCBuildConfiguration section */
		0BBE421A2B6810CA00034736 /* Debug */ = {
			isa = XCBuildConfiguration;
			buildSettings = {
				ALWAYS_SEARCH_USER_PATHS = NO;
				ASSETCATALOG_COMPILER_GENERATE_SWIFT_ASSET_SYMBOL_EXTENSIONS = YES;
				CLANG_ANALYZER_NONNULL = YES;
				CLANG_ANALYZER_NUMBER_OBJECT_CONVERSION = YES_AGGRESSIVE;
				CLANG_CXX_LANGUAGE_STANDARD = "gnu++20";
				CLANG_ENABLE_MODULES = YES;
				CLANG_ENABLE_OBJC_ARC = YES;
				CLANG_ENABLE_OBJC_WEAK = YES;
				CLANG_WARN_BLOCK_CAPTURE_AUTORELEASING = YES;
				CLANG_WARN_BOOL_CONVERSION = YES;
				CLANG_WARN_COMMA = YES;
				CLANG_WARN_CONSTANT_CONVERSION = YES;
				CLANG_WARN_DEPRECATED_OBJC_IMPLEMENTATIONS = YES;
				CLANG_WARN_DIRECT_OBJC_ISA_USAGE = YES_ERROR;
				CLANG_WARN_DOCUMENTATION_COMMENTS = YES;
				CLANG_WARN_EMPTY_BODY = YES;
				CLANG_WARN_ENUM_CONVERSION = YES;
				CLANG_WARN_INFINITE_RECURSION = YES;
				CLANG_WARN_INT_CONVERSION = YES;
				CLANG_WARN_NON_LITERAL_NULL_CONVERSION = YES;
				CLANG_WARN_OBJC_IMPLICIT_RETAIN_SELF = YES;
				CLANG_WARN_OBJC_LITERAL_CONVERSION = YES;
				CLANG_WARN_OBJC_ROOT_CLASS = YES_ERROR;
				CLANG_WARN_QUOTED_INCLUDE_IN_FRAMEWORK_HEADER = YES;
				CLANG_WARN_RANGE_LOOP_ANALYSIS = YES;
				CLANG_WARN_STRICT_PROTOTYPES = YES;
				CLANG_WARN_SUSPICIOUS_MOVE = YES;
				CLANG_WARN_UNGUARDED_AVAILABILITY = YES_AGGRESSIVE;
				CLANG_WARN_UNREACHABLE_CODE = YES;
				CLANG_WARN__DUPLICATE_METHOD_MATCH = YES;
				COPY_PHASE_STRIP = NO;
				DEBUG_INFORMATION_FORMAT = dwarf;
				ENABLE_STRICT_OBJC_MSGSEND = YES;
				ENABLE_TESTABILITY = YES;
				ENABLE_USER_SCRIPT_SANDBOXING = YES;
				GCC_C_LANGUAGE_STANDARD = gnu17;
				GCC_DYNAMIC_NO_PIC = NO;
				GCC_NO_COMMON_BLOCKS = YES;
				GCC_OPTIMIZATION_LEVEL = 0;
				GCC_PREPROCESSOR_DEFINITIONS = (
					"DEBUG=1",
					"$(inherited)",
				);
				GCC_WARN_64_TO_32_BIT_CONVERSION = YES;
				GCC_WARN_ABOUT_RETURN_TYPE = YES_ERROR;
				GCC_WARN_UNDECLARED_SELECTOR = YES;
				GCC_WARN_UNINITIALIZED_AUTOS = YES_AGGRESSIVE;
				GCC_WARN_UNUSED_FUNCTION = YES;
				GCC_WARN_UNUSED_VARIABLE = YES;
				IPHONEOS_DEPLOYMENT_TARGET = 17.2;
				LOCALIZATION_PREFERS_STRING_CATALOGS = YES;
				MTL_ENABLE_DEBUG_INFO = INCLUDE_SOURCE;
				MTL_FAST_MATH = YES;
				ONLY_ACTIVE_ARCH = YES;
				SDKROOT = iphoneos;
				SWIFT_ACTIVE_COMPILATION_CONDITIONS = "DEBUG $(inherited)";
				SWIFT_OPTIMIZATION_LEVEL = "-Onone";
			};
			name = Debug;
		};
		0BBE421B2B6810CA00034736 /* Release */ = {
			isa = XCBuildConfiguration;
			buildSettings = {
				ALWAYS_SEARCH_USER_PATHS = NO;
				ASSETCATALOG_COMPILER_GENERATE_SWIFT_ASSET_SYMBOL_EXTENSIONS = YES;
				CLANG_ANALYZER_NONNULL = YES;
				CLANG_ANALYZER_NUMBER_OBJECT_CONVERSION = YES_AGGRESSIVE;
				CLANG_CXX_LANGUAGE_STANDARD = "gnu++20";
				CLANG_ENABLE_MODULES = YES;
				CLANG_ENABLE_OBJC_ARC = YES;
				CLANG_ENABLE_OBJC_WEAK = YES;
				CLANG_WARN_BLOCK_CAPTURE_AUTORELEASING = YES;
				CLANG_WARN_BOOL_CONVERSION = YES;
				CLANG_WARN_COMMA = YES;
				CLANG_WARN_CONSTANT_CONVERSION = YES;
				CLANG_WARN_DEPRECATED_OBJC_IMPLEMENTATIONS = YES;
				CLANG_WARN_DIRECT_OBJC_ISA_USAGE = YES_ERROR;
				CLANG_WARN_DOCUMENTATION_COMMENTS = YES;
				CLANG_WARN_EMPTY_BODY = YES;
				CLANG_WARN_ENUM_CONVERSION = YES;
				CLANG_WARN_INFINITE_RECURSION = YES;
				CLANG_WARN_INT_CONVERSION = YES;
				CLANG_WARN_NON_LITERAL_NULL_CONVERSION = YES;
				CLANG_WARN_OBJC_IMPLICIT_RETAIN_SELF = YES;
				CLANG_WARN_OBJC_LITERAL_CONVERSION = YES;
				CLANG_WARN_OBJC_ROOT_CLASS = YES_ERROR;
				CLANG_WARN_QUOTED_INCLUDE_IN_FRAMEWORK_HEADER = YES;
				CLANG_WARN_RANGE_LOOP_ANALYSIS = YES;
				CLANG_WARN_STRICT_PROTOTYPES = YES;
				CLANG_WARN_SUSPICIOUS_MOVE = YES;
				CLANG_WARN_UNGUARDED_AVAILABILITY = YES_AGGRESSIVE;
				CLANG_WARN_UNREACHABLE_CODE = YES;
				CLANG_WARN__DUPLICATE_METHOD_MATCH = YES;
				COPY_PHASE_STRIP = NO;
				DEBUG_INFORMATION_FORMAT = "dwarf-with-dsym";
				ENABLE_NS_ASSERTIONS = NO;
				ENABLE_STRICT_OBJC_MSGSEND = YES;
				ENABLE_USER_SCRIPT_SANDBOXING = YES;
				GCC_C_LANGUAGE_STANDARD = gnu17;
				GCC_NO_COMMON_BLOCKS = YES;
				GCC_WARN_64_TO_32_BIT_CONVERSION = YES;
				GCC_WARN_ABOUT_RETURN_TYPE = YES_ERROR;
				GCC_WARN_UNDECLARED_SELECTOR = YES;
				GCC_WARN_UNINITIALIZED_AUTOS = YES_AGGRESSIVE;
				GCC_WARN_UNUSED_FUNCTION = YES;
				GCC_WARN_UNUSED_VARIABLE = YES;
				IPHONEOS_DEPLOYMENT_TARGET = 17.2;
				LOCALIZATION_PREFERS_STRING_CATALOGS = YES;
				MTL_ENABLE_DEBUG_INFO = NO;
				MTL_FAST_MATH = YES;
				SDKROOT = iphoneos;
				SWIFT_COMPILATION_MODE = wholemodule;
				VALIDATE_PRODUCT = YES;
			};
			name = Release;
		};
		0BBE421D2B6810CA00034736 /* Debug */ = {
			isa = XCBuildConfiguration;
			baseConfigurationReference = D1B01C19146D6F3BE16788B6 /* Pods-UVBurnIndicator.debug.xcconfig */;
			buildSettings = {
				ASSETCATALOG_COMPILER_APPICON_NAME = AppIcon;
				ASSETCATALOG_COMPILER_GLOBAL_ACCENT_COLOR_NAME = AccentColor;
				CODE_SIGN_STYLE = Automatic;
				CURRENT_PROJECT_VERSION = 1;
				DEVELOPMENT_TEAM = 9GYT84A63K;
				ENABLE_USER_SCRIPT_SANDBOXING = NO;
				GENERATE_INFOPLIST_FILE = YES;
				INFOPLIST_FILE = UVBurnIndicator/Info.plist;
				INFOPLIST_KEY_UIApplicationSupportsIndirectInputEvents = YES;
				INFOPLIST_KEY_UILaunchStoryboardName = LaunchScreen;
				INFOPLIST_KEY_UIMainStoryboardFile = Main;
				INFOPLIST_KEY_UISupportedInterfaceOrientations_iPad = "UIInterfaceOrientationPortrait UIInterfaceOrientationPortraitUpsideDown UIInterfaceOrientationLandscapeLeft UIInterfaceOrientationLandscapeRight";
				INFOPLIST_KEY_UISupportedInterfaceOrientations_iPhone = "UIInterfaceOrientationPortrait UIInterfaceOrientationLandscapeLeft UIInterfaceOrientationLandscapeRight";
				IPHONEOS_DEPLOYMENT_TARGET = 14.0;
				LD_RUNPATH_SEARCH_PATHS = (
					"$(inherited)",
					"@executable_path/Frameworks",
				);
				MARKETING_VERSION = 1.0;
				PRODUCT_BUNDLE_IDENTIFIER = com.akshit.UVBurnIndicator;
				PRODUCT_NAME = "$(TARGET_NAME)";
				SWIFT_EMIT_LOC_STRINGS = YES;
				SWIFT_VERSION = 5.0;
				TARGETED_DEVICE_FAMILY = "1,2";
			};
			name = Debug;
		};
		0BBE421E2B6810CA00034736 /* Release */ = {
			isa = XCBuildConfiguration;
			baseConfigurationReference = B3B1A1F15B89763CD23A9EF2 /* Pods-UVBurnIndicator.release.xcconfig */;
			buildSettings = {
				ASSETCATALOG_COMPILER_APPICON_NAME = AppIcon;
				ASSETCATALOG_COMPILER_GLOBAL_ACCENT_COLOR_NAME = AccentColor;
				CODE_SIGN_STYLE = Automatic;
				CURRENT_PROJECT_VERSION = 1;
				DEVELOPMENT_TEAM = 9GYT84A63K;
				ENABLE_USER_SCRIPT_SANDBOXING = NO;
				GENERATE_INFOPLIST_FILE = YES;
				INFOPLIST_FILE = UVBurnIndicator/Info.plist;
				INFOPLIST_KEY_UIApplicationSupportsIndirectInputEvents = YES;
				INFOPLIST_KEY_UILaunchStoryboardName = LaunchScreen;
				INFOPLIST_KEY_UIMainStoryboardFile = Main;
				INFOPLIST_KEY_UISupportedInterfaceOrientations_iPad = "UIInterfaceOrientationPortrait UIInterfaceOrientationPortraitUpsideDown UIInterfaceOrientationLandscapeLeft UIInterfaceOrientationLandscapeRight";
				INFOPLIST_KEY_UISupportedInterfaceOrientations_iPhone = "UIInterfaceOrientationPortrait UIInterfaceOrientationLandscapeLeft UIInterfaceOrientationLandscapeRight";
				IPHONEOS_DEPLOYMENT_TARGET = 14.0;
				LD_RUNPATH_SEARCH_PATHS = (
					"$(inherited)",
					"@executable_path/Frameworks",
				);
				MARKETING_VERSION = 1.0;
				PRODUCT_BUNDLE_IDENTIFIER = com.akshit.UVBurnIndicator;
				PRODUCT_NAME = "$(TARGET_NAME)";
				SWIFT_EMIT_LOC_STRINGS = YES;
				SWIFT_VERSION = 5.0;
				TARGETED_DEVICE_FAMILY = "1,2";
			};
			name = Release;
		};
/* End XCBuildConfiguration section */

/* Begin XCConfigurationList section */
		0BBE42002B6810C700034736 /* Build configuration list for PBXProject "UVBurnIndicator" */ = {
			isa = XCConfigurationList;
			buildConfigurations = (
				0BBE421A2B6810CA00034736 /* Debug */,
				0BBE421B2B6810CA00034736 /* Release */,
			);
			defaultConfigurationIsVisible = 0;
			defaultConfigurationName = Release;
		};
		0BBE421C2B6810CA00034736 /* Build configuration list for PBXNativeTarget "UVBurnIndicator" */ = {
			isa = XCConfigurationList;
			buildConfigurations = (
				0BBE421D2B6810CA00034736 /* Debug */,
				0BBE421E2B6810CA00034736 /* Release */,
			);
			defaultConfigurationIsVisible = 0;
			defaultConfigurationName = Release;
		};
/* End XCConfigurationList section */

/* Begin XCVersionGroup section */
		0BBE42112B6810C700034736 /* UVBurnIndicator.xcdatamodeld */ = {
			isa = XCVersionGroup;
			children = (
				0BBE42122B6810C700034736 /* UVBurnIndicator.xcdatamodel */,
			);
			currentVersion = 0BBE42122B6810C700034736 /* UVBurnIndicator.xcdatamodel */;
			path = UVBurnIndicator.xcdatamodeld;
			sourceTree = "<group>";
			versionGroupType = wrapper.xcdatamodel;
		};
/* End XCVersionGroup section */
	};
	rootObject = 0BBE41FD2B6810C700034736 /* Project object */;
}
